// !$*UTF8*$!
{
	archiveVersion = 1;
	classes = {
	};
	objectVersion = 46;
	objects = {

/* Begin PBXBuildFile section */
		8CA74BD71747CF000059BD83 /* SystemConfiguration.framework in Frameworks */ = {isa = PBXBuildFile; fileRef = 8CA74BD61747CF000059BD83 /* SystemConfiguration.framework */; };
		8CA74BD91747CF0A0059BD83 /* MobileCoreServices.framework in Frameworks */ = {isa = PBXBuildFile; fileRef = 8CA74BD81747CF0A0059BD83 /* MobileCoreServices.framework */; };
		8CA74BDA1747CF1A0059BD83 /* libCereal.a in Frameworks */ = {isa = PBXBuildFile; fileRef = 8CA74BD31747CE810059BD83 /* libCereal.a */; };
		8CC6449817487CE6005BFB5E /* SessionVC.m in Sources */ = {isa = PBXBuildFile; fileRef = 8CC6449617487CE6005BFB5E /* SessionVC.m */; };
		8CC644A617488341005BFB5E /* ScheduleVC.m in Sources */ = {isa = PBXBuildFile; fileRef = 8CC644A417488341005BFB5E /* ScheduleVC.m */; };
		8CC644AC17488351005BFB5E /* SpeakersVC.m in Sources */ = {isa = PBXBuildFile; fileRef = 8CC644AA17488351005BFB5E /* SpeakersVC.m */; };
		8CCCD08E17432EEB005EB2EB /* UIKit.framework in Frameworks */ = {isa = PBXBuildFile; fileRef = 8CCCD08D17432EEB005EB2EB /* UIKit.framework */; };
		8CCCD09017432EEB005EB2EB /* Foundation.framework in Frameworks */ = {isa = PBXBuildFile; fileRef = 8CCCD08F17432EEB005EB2EB /* Foundation.framework */; };
		8CCCD09217432EEB005EB2EB /* CoreGraphics.framework in Frameworks */ = {isa = PBXBuildFile; fileRef = 8CCCD09117432EEB005EB2EB /* CoreGraphics.framework */; };
		8CCCD0B61743306E005EB2EB /* libCoreMeta.a in Frameworks */ = {isa = PBXBuildFile; fileRef = 8CCCD0B017432FA3005EB2EB /* libCoreMeta.a */; };
		8CCCD0C017433336005EB2EB /* SessionsVC.xib in Resources */ = {isa = PBXBuildFile; fileRef = 8CCCD0BF17433336005EB2EB /* SessionsVC.xib */; };
		8CCCD0CF17433B5A005EB2EB /* SplashVC.xib in Resources */ = {isa = PBXBuildFile; fileRef = 8CCCD0CE17433B5A005EB2EB /* SplashVC.xib */; };
		8CD13B351747E1F3003043C6 /* background.png in Resources */ = {isa = PBXBuildFile; fileRef = 8CD13B301747E1F3003043C6 /* background.png */; };
		8CD13B391747E1F3003043C6 /* pgh-tech-fest-logo-cc.png in Resources */ = {isa = PBXBuildFile; fileRef = 8CD13B341747E1F3003043C6 /* pgh-tech-fest-logo-cc.png */; };
		8CD13B3B1747E210003043C6 /* icon.png in Resources */ = {isa = PBXBuildFile; fileRef = 8CD13B3A1747E210003043C6 /* icon.png */; };
		8CD13B3D1747E213003043C6 /* icon@2x.png in Resources */ = {isa = PBXBuildFile; fileRef = 8CD13B3C1747E213003043C6 /* icon@2x.png */; };
		8CEDB581174898540076FC52 /* SpeakerVC.m in Sources */ = {isa = PBXBuildFile; fileRef = 8CEDB57F174898540076FC52 /* SpeakerVC.m */; };
		8CEDB58B17489D100076FC52 /* BrowserVC.m in Sources */ = {isa = PBXBuildFile; fileRef = 8CEDB58917489D100076FC52 /* BrowserVC.m */; };
		8CF7C62B1747D1270081658A /* libxml2.dylib in Frameworks */ = {isa = PBXBuildFile; fileRef = 8CF7C62A1747D1270081658A /* libxml2.dylib */; };
		BAC280346C986785122F9DE5 /* Speaker.m in Sources */ = {isa = PBXBuildFile; fileRef = BAC28393B42D6615328D708C /* Speaker.m */; };
		BAC280B70DA226D0D5604F73 /* SessionService.m in Sources */ = {isa = PBXBuildFile; fileRef = BAC2896CBD06043E5EBC3D03 /* SessionService.m */; };
		BAC280C43A6D8954DF408530 /* Default.png in Resources */ = {isa = PBXBuildFile; fileRef = BAC28C4C12F97132AE583199 /* Default.png */; };
		BAC281197B7FB4B6E56FB290 /* AFPropertyListRequestOperation.m in Sources */ = {isa = PBXBuildFile; fileRef = BAC28BADA6C8DE173A87F8EB /* AFPropertyListRequestOperation.m */; };
		BAC28136DBDCDBE150696734 /* MyScheduledSessionDisplayService.m in Sources */ = {isa = PBXBuildFile; fileRef = BAC280D18D7C13601E0587DA /* MyScheduledSessionDisplayService.m */; };
		BAC2815EDCB148AF3D1E812D /* AppLoad.m in Sources */ = {isa = PBXBuildFile; fileRef = BAC285DF0F4FDD3F5E88AF17 /* AppLoad.m */; };
		BAC28181B1B96728C2D33D07 /* AFXMLRequestOperation.m in Sources */ = {isa = PBXBuildFile; fileRef = BAC286D248590683A2C5D346 /* AFXMLRequestOperation.m */; };
		BAC281C0722237A0A2B6CC0C /* SessionRepository.m in Sources */ = {isa = PBXBuildFile; fileRef = BAC286B2BAC033F109BDD523 /* SessionRepository.m */; };
		BAC281EF8DE2458EB6293606 /* AFHTTPRequestOperation.m in Sources */ = {isa = PBXBuildFile; fileRef = BAC28DFE8F2C074BFB2D28A0 /* AFHTTPRequestOperation.m */; };
		BAC2821C52D0756645634D9B /* main.m in Sources */ = {isa = PBXBuildFile; fileRef = BAC28F8E148E164BA43D59C0 /* main.m */; };
		BAC2822CF0039D9E2EA36C70 /* SessionVC.xib in Resources */ = {isa = PBXBuildFile; fileRef = BAC284DD08C5D2EE46F6A51C /* SessionVC.xib */; };
		BAC2837890C9278788A0E1D6 /* BundleContainerConvention.m in Sources */ = {isa = PBXBuildFile; fileRef = BAC28E294BB230F0E82E43DC /* BundleContainerConvention.m */; };
		BAC283F9C9DD326DC0AAC077 /* AFJSONRequestOperation.m in Sources */ = {isa = PBXBuildFile; fileRef = BAC28E5D4E2A62F66A0D289A /* AFJSONRequestOperation.m */; };
		BAC28443C9151DA41A4F5550 /* MappingConfiguration.m in Sources */ = {isa = PBXBuildFile; fileRef = BAC2849911A02D39B48A86D9 /* MappingConfiguration.m */; };
		BAC284796C6391ACAADE47A2 /* SpeakerRepository.m in Sources */ = {isa = PBXBuildFile; fileRef = BAC288456AB4414DB7B8DEF4 /* SpeakerRepository.m */; };
		BAC284DFBF598681CCE77727 /* ContainerConfig.m in Sources */ = {isa = PBXBuildFile; fileRef = BAC28952AF32C4F842EEBF8A /* ContainerConfig.m */; };
		BAC285588148BC02CDFAD9B6 /* PghTechFestSpeakerToSpeakerMap.m in Sources */ = {isa = PBXBuildFile; fileRef = BAC28BAD7595F2F5BF9D17FC /* PghTechFestSpeakerToSpeakerMap.m */; };
		BAC285BCE279207B55446859 /* SpeakerVC.xib in Resources */ = {isa = PBXBuildFile; fileRef = BAC28CCE5A6997DD7F439D1C /* SpeakerVC.xib */; };
		BAC286B0166359ACBA6E051D /* back.png in Resources */ = {isa = PBXBuildFile; fileRef = BAC28491AFF694EC9D5F6C39 /* back.png */; };
		BAC286CAB07948B888FEC7D4 /* frwd@2x.png in Resources */ = {isa = PBXBuildFile; fileRef = BAC28083A624DB836B93C564 /* frwd@2x.png */; };
		BAC28712480C7CE4ED3DCD4E /* AFNetworkActivityIndicatorManager.m in Sources */ = {isa = PBXBuildFile; fileRef = BAC287BA0C48EF971189D30C /* AFNetworkActivityIndicatorManager.m */; };
		BAC2871A3FFDC21BC224C036 /* PghTechFestApiSession.m in Sources */ = {isa = PBXBuildFile; fileRef = BAC28F9703ECA2CBDA6EEAE3 /* PghTechFestApiSession.m */; };
		BAC287242BF6361AAAD081C7 /* PghTechFestMappingConfiguration.m in Sources */ = {isa = PBXBuildFile; fileRef = BAC28AAE15D555DC6099C55A /* PghTechFestMappingConfiguration.m */; };
		BAC2879A1F1377BD2D0F3D98 /* ContentVC.m in Sources */ = {isa = PBXBuildFile; fileRef = BAC282AF19BE9BB73F518109 /* ContentVC.m */; };
		BAC28863593622C225D83C15 /* back@2x.png in Resources */ = {isa = PBXBuildFile; fileRef = BAC2839D3A087E18873F1C2A /* back@2x.png */; };
		BAC2888974F90103D96DD41D /* frwd.png in Resources */ = {isa = PBXBuildFile; fileRef = BAC28D3318702D6DFD98FC5C /* frwd.png */; };
		BAC288D8ECA6976BD13A2F55 /* cellbackground.png in Resources */ = {isa = PBXBuildFile; fileRef = BAC286C15A9961D18176E4D4 /* cellbackground.png */; };
		BAC288E98247BA172029609A /* NSDate+String.m in Sources */ = {isa = PBXBuildFile; fileRef = BAC285808D4CC9371ABDA05C /* NSDate+String.m */; };
		BAC288FE3E960E767A45FC98 /* Default@2x.png in Resources */ = {isa = PBXBuildFile; fileRef = BAC28AF3B818C4270059DFD6 /* Default@2x.png */; };
		BAC289403A18AC9DC6386887 /* SplashVC.m in Sources */ = {isa = PBXBuildFile; fileRef = BAC286F24711C066D075F909 /* SplashVC.m */; };
		BAC28966A542704870AF3FAF /* AFURLConnectionOperation.m in Sources */ = {isa = PBXBuildFile; fileRef = BAC28F63C3E8C55AB74FCD80 /* AFURLConnectionOperation.m */; };
		BAC289A14FCCB1A2605067E6 /* ArrayBasedRepository.m in Sources */ = {isa = PBXBuildFile; fileRef = BAC28D42D17E184C75A8DD31 /* ArrayBasedRepository.m */; };
		BAC289B1E6E88EF1EFDD02B5 /* PghTechFestApiSpeaker.m in Sources */ = {isa = PBXBuildFile; fileRef = BAC28D19DED4DD7DECF5FB8C /* PghTechFestApiSpeaker.m */; };
		BAC28A23D0BD80648ECFB9E9 /* Path.m in Sources */ = {isa = PBXBuildFile; fileRef = BAC28E89E720D09150F3C448 /* Path.m */; };
		BAC28A625E08FCBDDF20655D /* SpeakersVC.xib in Resources */ = {isa = PBXBuildFile; fileRef = BAC28532F30DF2B654CC60BD /* SpeakersVC.xib */; };
		BAC28A64D14D712D34BD722B /* SessionsVC.m in Sources */ = {isa = PBXBuildFile; fileRef = BAC285C6C6D6D9C4F48CA05A /* SessionsVC.m */; };
		BAC28A685B366040615967FA /* AFImageRequestOperation.m in Sources */ = {isa = PBXBuildFile; fileRef = BAC28D95CCB64251D4F21045 /* AFImageRequestOperation.m */; };
		BAC28A9CF2C0BABDA01FC304 /* PghTechFestApiSessions.m in Sources */ = {isa = PBXBuildFile; fileRef = BAC281631A014E550835027D /* PghTechFestApiSessions.m */; };
		BAC28B6B58F8F5F96F41AA8A /* PghTechFestApiSpeakers.m in Sources */ = {isa = PBXBuildFile; fileRef = BAC2897EA38AFF6D3A4F7E7E /* PghTechFestApiSpeakers.m */; };
		BAC28B955B85883645B3AC74 /* SessionDisplayService.m in Sources */ = {isa = PBXBuildFile; fileRef = BAC282047ABF2D837B209609 /* SessionDisplayService.m */; };
		BAC28BC4C11107FC46E5F34C /* PghTechFestSpeakerService.m in Sources */ = {isa = PBXBuildFile; fileRef = BAC28DA48171CF8D6FF21C24 /* PghTechFestSpeakerService.m */; };
		BAC28BC6A811AC28A105E114 /* PghTechFestSessionToSessionMap.m in Sources */ = {isa = PBXBuildFile; fileRef = BAC28E7DD8BB010D4A09D0C3 /* PghTechFestSessionToSessionMap.m */; };
		BAC28BCFB38A76EF62FB5229 /* Default-568h@2x.png in Resources */ = {isa = PBXBuildFile; fileRef = BAC284BB947EBB16DF665275 /* Default-568h@2x.png */; };
		BAC28BDEB70CA430856A4ED3 /* InfoPlist.strings in Resources */ = {isa = PBXBuildFile; fileRef = BAC28649A027D3CF59A6B92F /* InfoPlist.strings */; };
		BAC28C2C29CC0900DF722A10 /* UIImageView+AFNetworking.m in Sources */ = {isa = PBXBuildFile; fileRef = BAC28147C894A5B5DCFB3C27 /* UIImageView+AFNetworking.m */; };
		BAC28C4FCDF76EA6EFFAF995 /* PghTechFestSessionService.m in Sources */ = {isa = PBXBuildFile; fileRef = BAC2893BE3E72F1177E4CC78 /* PghTechFestSessionService.m */; };
		BAC28CB4EFB19C54D2CC92BD /* ScheduleVC.xib in Resources */ = {isa = PBXBuildFile; fileRef = BAC284DD29935146141AA88A /* ScheduleVC.xib */; };
		BAC28CCB34C70D716256B21B /* BrowserVC.xib in Resources */ = {isa = PBXBuildFile; fileRef = BAC28D2C9622F33D4A62F6BD /* BrowserVC.xib */; };
		BAC28CFDEC1582A2E6E397E2 /* Scheduled.m in Sources */ = {isa = PBXBuildFile; fileRef = BAC28E5089F6472E6D5B5889 /* Scheduled.m */; };
		BAC28E220E038D26479DFBFE /* SpeakerService.m in Sources */ = {isa = PBXBuildFile; fileRef = BAC286D3377143EE1E8DA9D6 /* SpeakerService.m */; };
		BAC28F37299059DDA48353BA /* MyScheduleRepository.m in Sources */ = {isa = PBXBuildFile; fileRef = BAC2826CFED5347CDE58CFCC /* MyScheduleRepository.m */; };
		BAC28F38E14FA6CE7E4828FD /* Session.m in Sources */ = {isa = PBXBuildFile; fileRef = BAC28A000CFB5C5A87A4F28F /* Session.m */; };
		BAC28F41C41ECA295442919F /* AppDelegate.m in Sources */ = {isa = PBXBuildFile; fileRef = BAC28C24F97FE76CAC4514BB /* AppDelegate.m */; };
		BAC28F8C607A8F69CA7AB331 /* AFHTTPClient.m in Sources */ = {isa = PBXBuildFile; fileRef = BAC28314705CC66433BBA128 /* AFHTTPClient.m */; };
/* End PBXBuildFile section */

/* Begin PBXContainerItemProxy section */
		8C6B4CBA1747C4100023ADCF /* PBXContainerItemProxy */ = {
			isa = PBXContainerItemProxy;
			containerPortal = 8CCCD0AA17432FA3005EB2EB /* CoreMeta.xcodeproj */;
			proxyType = 1;
			remoteGlobalIDString = 8C14303515B4A04500A9C1B9;
			remoteInfo = CoreMeta;
		};
		8CA74BD21747CE810059BD83 /* PBXContainerItemProxy */ = {
			isa = PBXContainerItemProxy;
			containerPortal = 8CA74BCE1747CE800059BD83 /* Cereal.xcodeproj */;
			proxyType = 2;
			remoteGlobalIDString = 8C6B4CF81747CB080023ADCF;
			remoteInfo = Cereal;
		};
		8CA74BDB1747CF3E0059BD83 /* PBXContainerItemProxy */ = {
			isa = PBXContainerItemProxy;
			containerPortal = 8CA74BCE1747CE800059BD83 /* Cereal.xcodeproj */;
			proxyType = 1;
			remoteGlobalIDString = 8C6B4CF71747CB080023ADCF;
			remoteInfo = Cereal;
		};
		8CCCD0AF17432FA3005EB2EB /* PBXContainerItemProxy */ = {
			isa = PBXContainerItemProxy;
			containerPortal = 8CCCD0AA17432FA3005EB2EB /* CoreMeta.xcodeproj */;
			proxyType = 2;
			remoteGlobalIDString = 8C14303615B4A04500A9C1B9;
			remoteInfo = CoreMeta;
		};
		8CCCD0B117432FA3005EB2EB /* PBXContainerItemProxy */ = {
			isa = PBXContainerItemProxy;
			containerPortal = 8CCCD0AA17432FA3005EB2EB /* CoreMeta.xcodeproj */;
			proxyType = 2;
			remoteGlobalIDString = 8C14304615B4A04500A9C1B9;
			remoteInfo = CoreMetaTests;
		};
/* End PBXContainerItemProxy section */

/* Begin PBXFileReference section */
		8CA74BCE1747CE800059BD83 /* Cereal.xcodeproj */ = {isa = PBXFileReference; lastKnownFileType = "wrapper.pb-project"; name = Cereal.xcodeproj; path = ../Cereal/Cereal.xcodeproj; sourceTree = "<group>"; };
		8CA74BD61747CF000059BD83 /* SystemConfiguration.framework */ = {isa = PBXFileReference; lastKnownFileType = wrapper.framework; name = SystemConfiguration.framework; path = System/Library/Frameworks/SystemConfiguration.framework; sourceTree = SDKROOT; };
		8CA74BD81747CF0A0059BD83 /* MobileCoreServices.framework */ = {isa = PBXFileReference; lastKnownFileType = wrapper.framework; name = MobileCoreServices.framework; path = System/Library/Frameworks/MobileCoreServices.framework; sourceTree = SDKROOT; };
		8CC6449517487CE6005BFB5E /* SessionVC.h */ = {isa = PBXFileReference; fileEncoding = 4; lastKnownFileType = sourcecode.c.h; path = SessionVC.h; sourceTree = "<group>"; };
		8CC6449617487CE6005BFB5E /* SessionVC.m */ = {isa = PBXFileReference; fileEncoding = 4; lastKnownFileType = sourcecode.c.objc; path = SessionVC.m; sourceTree = "<group>"; };
		8CC644A317488341005BFB5E /* ScheduleVC.h */ = {isa = PBXFileReference; fileEncoding = 4; lastKnownFileType = sourcecode.c.h; path = ScheduleVC.h; sourceTree = "<group>"; };
		8CC644A417488341005BFB5E /* ScheduleVC.m */ = {isa = PBXFileReference; fileEncoding = 4; lastKnownFileType = sourcecode.c.objc; path = ScheduleVC.m; sourceTree = "<group>"; };
		8CC644A917488351005BFB5E /* SpeakersVC.h */ = {isa = PBXFileReference; fileEncoding = 4; lastKnownFileType = sourcecode.c.h; path = SpeakersVC.h; sourceTree = "<group>"; };
		8CC644AA17488351005BFB5E /* SpeakersVC.m */ = {isa = PBXFileReference; fileEncoding = 4; lastKnownFileType = sourcecode.c.objc; path = SpeakersVC.m; sourceTree = "<group>"; };
		8CCCD08A17432EEB005EB2EB /* PghtTechFest.app */ = {isa = PBXFileReference; explicitFileType = wrapper.application; includeInIndex = 0; path = PghtTechFest.app; sourceTree = BUILT_PRODUCTS_DIR; };
		8CCCD08D17432EEB005EB2EB /* UIKit.framework */ = {isa = PBXFileReference; lastKnownFileType = wrapper.framework; name = UIKit.framework; path = System/Library/Frameworks/UIKit.framework; sourceTree = SDKROOT; };
		8CCCD08F17432EEB005EB2EB /* Foundation.framework */ = {isa = PBXFileReference; lastKnownFileType = wrapper.framework; name = Foundation.framework; path = System/Library/Frameworks/Foundation.framework; sourceTree = SDKROOT; };
		8CCCD09117432EEB005EB2EB /* CoreGraphics.framework */ = {isa = PBXFileReference; lastKnownFileType = wrapper.framework; name = CoreGraphics.framework; path = System/Library/Frameworks/CoreGraphics.framework; sourceTree = SDKROOT; };
		8CCCD0AA17432FA3005EB2EB /* CoreMeta.xcodeproj */ = {isa = PBXFileReference; lastKnownFileType = "wrapper.pb-project"; name = CoreMeta.xcodeproj; path = ../CoreMeta/CoreMeta/CoreMeta.xcodeproj; sourceTree = "<group>"; };
		8CCCD0BF17433336005EB2EB /* SessionsVC.xib */ = {isa = PBXFileReference; fileEncoding = 4; lastKnownFileType = file.xib; path = SessionsVC.xib; sourceTree = "<group>"; };
		8CCCD0CE17433B5A005EB2EB /* SplashVC.xib */ = {isa = PBXFileReference; fileEncoding = 4; lastKnownFileType = file.xib; path = SplashVC.xib; sourceTree = "<group>"; };
		8CD13B301747E1F3003043C6 /* background.png */ = {isa = PBXFileReference; lastKnownFileType = image.png; path = background.png; sourceTree = "<group>"; };
		8CD13B341747E1F3003043C6 /* pgh-tech-fest-logo-cc.png */ = {isa = PBXFileReference; lastKnownFileType = image.png; path = "pgh-tech-fest-logo-cc.png"; sourceTree = "<group>"; };
		8CD13B3A1747E210003043C6 /* icon.png */ = {isa = PBXFileReference; lastKnownFileType = image.png; name = icon.png; path = ../../../icon.png; sourceTree = "<group>"; };
		8CD13B3C1747E213003043C6 /* icon@2x.png */ = {isa = PBXFileReference; lastKnownFileType = image.png; name = "icon@2x.png"; path = "../../../icon@2x.png"; sourceTree = "<group>"; };
		8CEDB57E174898540076FC52 /* SpeakerVC.h */ = {isa = PBXFileReference; fileEncoding = 4; lastKnownFileType = sourcecode.c.h; path = SpeakerVC.h; sourceTree = "<group>"; };
		8CEDB57F174898540076FC52 /* SpeakerVC.m */ = {isa = PBXFileReference; fileEncoding = 4; lastKnownFileType = sourcecode.c.objc; path = SpeakerVC.m; sourceTree = "<group>"; };
		8CEDB58817489D100076FC52 /* BrowserVC.h */ = {isa = PBXFileReference; fileEncoding = 4; lastKnownFileType = sourcecode.c.h; path = BrowserVC.h; sourceTree = "<group>"; };
		8CEDB58917489D100076FC52 /* BrowserVC.m */ = {isa = PBXFileReference; fileEncoding = 4; lastKnownFileType = sourcecode.c.objc; path = BrowserVC.m; sourceTree = "<group>"; };
		8CF7C62A1747D1270081658A /* libxml2.dylib */ = {isa = PBXFileReference; lastKnownFileType = "compiled.mach-o.dylib"; name = libxml2.dylib; path = usr/lib/libxml2.dylib; sourceTree = SDKROOT; };
		BAC280265E1C036284B91408 /* Scheduled.h */ = {isa = PBXFileReference; fileEncoding = 4; lastKnownFileType = sourcecode.c.h; path = Scheduled.h; sourceTree = "<group>"; };
		BAC28083A624DB836B93C564 /* frwd@2x.png */ = {isa = PBXFileReference; lastKnownFileType = image.png; path = "frwd@2x.png"; sourceTree = "<group>"; };
		BAC280AD296E8F25E2C45F87 /* PghTechFestSessionToSessionMap.h */ = {isa = PBXFileReference; fileEncoding = 4; lastKnownFileType = sourcecode.c.h; path = PghTechFestSessionToSessionMap.h; sourceTree = "<group>"; };
		BAC280D18D7C13601E0587DA /* MyScheduledSessionDisplayService.m */ = {isa = PBXFileReference; fileEncoding = 4; lastKnownFileType = sourcecode.c.objc; path = MyScheduledSessionDisplayService.m; sourceTree = "<group>"; };
		BAC28147C894A5B5DCFB3C27 /* UIImageView+AFNetworking.m */ = {isa = PBXFileReference; fileEncoding = 4; lastKnownFileType = sourcecode.c.objc; path = "UIImageView+AFNetworking.m"; sourceTree = "<group>"; };
		BAC2815008B2EC1FAE210B1D /* PghTechFestApiSpeakers.h */ = {isa = PBXFileReference; fileEncoding = 4; lastKnownFileType = sourcecode.c.h; path = PghTechFestApiSpeakers.h; sourceTree = "<group>"; };
		BAC281631A014E550835027D /* PghTechFestApiSessions.m */ = {isa = PBXFileReference; fileEncoding = 4; lastKnownFileType = sourcecode.c.objc; path = PghTechFestApiSessions.m; sourceTree = "<group>"; };
		BAC281D798562FC7FDC7C0C6 /* AFImageRequestOperation.h */ = {isa = PBXFileReference; fileEncoding = 4; lastKnownFileType = sourcecode.c.h; path = AFImageRequestOperation.h; sourceTree = "<group>"; };
		BAC282047ABF2D837B209609 /* SessionDisplayService.m */ = {isa = PBXFileReference; fileEncoding = 4; lastKnownFileType = sourcecode.c.objc; path = SessionDisplayService.m; sourceTree = "<group>"; };
		BAC28245982A7FD34F1682FB /* PghTechFestApiSession.h */ = {isa = PBXFileReference; fileEncoding = 4; lastKnownFileType = sourcecode.c.h; path = PghTechFestApiSession.h; sourceTree = "<group>"; };
		BAC2826CFED5347CDE58CFCC /* MyScheduleRepository.m */ = {isa = PBXFileReference; fileEncoding = 4; lastKnownFileType = sourcecode.c.objc; path = MyScheduleRepository.m; sourceTree = "<group>"; };
		BAC2828FA0DC4C116C3288F1 /* iOSConf-Info.plist */ = {isa = PBXFileReference; fileEncoding = 4; lastKnownFileType = text.plist.info; path = "iOSConf-Info.plist"; sourceTree = "<group>"; };
		BAC282AF19BE9BB73F518109 /* ContentVC.m */ = {isa = PBXFileReference; fileEncoding = 4; lastKnownFileType = sourcecode.c.objc; path = ContentVC.m; sourceTree = "<group>"; };
		BAC282BCBA38E1B5E60AE1F7 /* Session.h */ = {isa = PBXFileReference; fileEncoding = 4; lastKnownFileType = sourcecode.c.h; path = Session.h; sourceTree = "<group>"; };
		BAC282CCEB3AE7932D7F4AE1 /* AFJSONRequestOperation.h */ = {isa = PBXFileReference; fileEncoding = 4; lastKnownFileType = sourcecode.c.h; path = AFJSONRequestOperation.h; sourceTree = "<group>"; };
		BAC28314705CC66433BBA128 /* AFHTTPClient.m */ = {isa = PBXFileReference; fileEncoding = 4; lastKnownFileType = sourcecode.c.objc; path = AFHTTPClient.m; sourceTree = "<group>"; };
		BAC2831C1EF96EFA1C840BE1 /* AFURLConnectionOperation.h */ = {isa = PBXFileReference; fileEncoding = 4; lastKnownFileType = sourcecode.c.h; path = AFURLConnectionOperation.h; sourceTree = "<group>"; };
		BAC2834E0CC60B4CE89C6C1C /* AppLoad.h */ = {isa = PBXFileReference; fileEncoding = 4; lastKnownFileType = sourcecode.c.h; path = AppLoad.h; sourceTree = "<group>"; };
		BAC28393B42D6615328D708C /* Speaker.m */ = {isa = PBXFileReference; fileEncoding = 4; lastKnownFileType = sourcecode.c.objc; path = Speaker.m; sourceTree = "<group>"; };
		BAC2839D3A087E18873F1C2A /* back@2x.png */ = {isa = PBXFileReference; lastKnownFileType = image.png; path = "back@2x.png"; sourceTree = "<group>"; };
		BAC2842733C597BA4DDDE8E5 /* SessionsVC.h */ = {isa = PBXFileReference; fileEncoding = 4; lastKnownFileType = sourcecode.c.h; path = SessionsVC.h; sourceTree = "<group>"; };
		BAC2842F3114BAEECE68D1BB /* PghTechFestApiSessions.h */ = {isa = PBXFileReference; fileEncoding = 4; lastKnownFileType = sourcecode.c.h; path = PghTechFestApiSessions.h; sourceTree = "<group>"; };
		BAC2842FE913A900062899FC /* PghTechFestSpeakerToSpeakerMap.h */ = {isa = PBXFileReference; fileEncoding = 4; lastKnownFileType = sourcecode.c.h; path = PghTechFestSpeakerToSpeakerMap.h; sourceTree = "<group>"; };
		BAC28491AFF694EC9D5F6C39 /* back.png */ = {isa = PBXFileReference; lastKnownFileType = image.png; path = back.png; sourceTree = "<group>"; };
		BAC2849911A02D39B48A86D9 /* MappingConfiguration.m */ = {isa = PBXFileReference; fileEncoding = 4; lastKnownFileType = sourcecode.c.objc; path = MappingConfiguration.m; sourceTree = "<group>"; };
		BAC284BB947EBB16DF665275 /* Default-568h@2x.png */ = {isa = PBXFileReference; lastKnownFileType = image.png; path = "Default-568h@2x.png"; sourceTree = "<group>"; };
		BAC284DD08C5D2EE46F6A51C /* SessionVC.xib */ = {isa = PBXFileReference; lastKnownFileType = file.xib; path = SessionVC.xib; sourceTree = "<group>"; };
		BAC284DD29935146141AA88A /* ScheduleVC.xib */ = {isa = PBXFileReference; lastKnownFileType = file.xib; path = ScheduleVC.xib; sourceTree = "<group>"; };
		BAC28532F30DF2B654CC60BD /* SpeakersVC.xib */ = {isa = PBXFileReference; lastKnownFileType = file.xib; path = SpeakersVC.xib; sourceTree = "<group>"; };
		BAC2856B5D1C5E56B36770F7 /* PghTechFestApiSpeaker.h */ = {isa = PBXFileReference; fileEncoding = 4; lastKnownFileType = sourcecode.c.h; path = PghTechFestApiSpeaker.h; sourceTree = "<group>"; };
		BAC285808D4CC9371ABDA05C /* NSDate+String.m */ = {isa = PBXFileReference; fileEncoding = 4; lastKnownFileType = sourcecode.c.objc; path = "NSDate+String.m"; sourceTree = "<group>"; };
		BAC285C6C6D6D9C4F48CA05A /* SessionsVC.m */ = {isa = PBXFileReference; fileEncoding = 4; lastKnownFileType = sourcecode.c.objc; path = SessionsVC.m; sourceTree = "<group>"; };
		BAC285DF0F4FDD3F5E88AF17 /* AppLoad.m */ = {isa = PBXFileReference; fileEncoding = 4; lastKnownFileType = sourcecode.c.objc; path = AppLoad.m; sourceTree = "<group>"; };
		BAC285EC54318AFD0A4C76AB /* SessionRepository.h */ = {isa = PBXFileReference; fileEncoding = 4; lastKnownFileType = sourcecode.c.h; path = SessionRepository.h; sourceTree = "<group>"; };
		BAC286B2BAC033F109BDD523 /* SessionRepository.m */ = {isa = PBXFileReference; fileEncoding = 4; lastKnownFileType = sourcecode.c.objc; path = SessionRepository.m; sourceTree = "<group>"; };
		BAC286C15A9961D18176E4D4 /* cellbackground.png */ = {isa = PBXFileReference; lastKnownFileType = image.png; path = cellbackground.png; sourceTree = "<group>"; };
		BAC286D248590683A2C5D346 /* AFXMLRequestOperation.m */ = {isa = PBXFileReference; fileEncoding = 4; lastKnownFileType = sourcecode.c.objc; path = AFXMLRequestOperation.m; sourceTree = "<group>"; };
		BAC286D3377143EE1E8DA9D6 /* SpeakerService.m */ = {isa = PBXFileReference; fileEncoding = 4; lastKnownFileType = sourcecode.c.objc; path = SpeakerService.m; sourceTree = "<group>"; };
		BAC286E8C965939092838C29 /* PghTechFestMappingConfiguration.h */ = {isa = PBXFileReference; fileEncoding = 4; lastKnownFileType = sourcecode.c.h; path = PghTechFestMappingConfiguration.h; sourceTree = "<group>"; };
		BAC286F07AFA92F97BCA91B3 /* AFHTTPClient.h */ = {isa = PBXFileReference; fileEncoding = 4; lastKnownFileType = sourcecode.c.h; path = AFHTTPClient.h; sourceTree = "<group>"; };
		BAC286F24711C066D075F909 /* SplashVC.m */ = {isa = PBXFileReference; fileEncoding = 4; lastKnownFileType = sourcecode.c.objc; path = SplashVC.m; sourceTree = "<group>"; };
		BAC2870EFC93223316B8C21E /* AFNetworkActivityIndicatorManager.h */ = {isa = PBXFileReference; fileEncoding = 4; lastKnownFileType = sourcecode.c.h; path = AFNetworkActivityIndicatorManager.h; sourceTree = "<group>"; };
		BAC2871DBF6308CB78C1595C /* en */ = {isa = PBXFileReference; fileEncoding = 4; lastKnownFileType = text.plist.strings; name = en; path = en.lproj/InfoPlist.strings; sourceTree = "<group>"; };
		BAC28748D056A6C6216BF879 /* MappingConfiguration.h */ = {isa = PBXFileReference; fileEncoding = 4; lastKnownFileType = sourcecode.c.h; path = MappingConfiguration.h; sourceTree = "<group>"; };
		BAC2879E2F6D9D704651F9A7 /* AFHTTPRequestOperation.h */ = {isa = PBXFileReference; fileEncoding = 4; lastKnownFileType = sourcecode.c.h; path = AFHTTPRequestOperation.h; sourceTree = "<group>"; };
		BAC287BA0C48EF971189D30C /* AFNetworkActivityIndicatorManager.m */ = {isa = PBXFileReference; fileEncoding = 4; lastKnownFileType = sourcecode.c.objc; path = AFNetworkActivityIndicatorManager.m; sourceTree = "<group>"; };
		BAC287BD28BB1686316E1A46 /* SplashVC.h */ = {isa = PBXFileReference; fileEncoding = 4; lastKnownFileType = sourcecode.c.h; path = SplashVC.h; sourceTree = "<group>"; };
		BAC288210E7A27A08E510CAB /* ContainerConfig.h */ = {isa = PBXFileReference; fileEncoding = 4; lastKnownFileType = sourcecode.c.h; path = ContainerConfig.h; sourceTree = "<group>"; };
		BAC288456AB4414DB7B8DEF4 /* SpeakerRepository.m */ = {isa = PBXFileReference; fileEncoding = 4; lastKnownFileType = sourcecode.c.objc; path = SpeakerRepository.m; sourceTree = "<group>"; };
		BAC288BD95D26C00B513FA63 /* SpeakerRepository.h */ = {isa = PBXFileReference; fileEncoding = 4; lastKnownFileType = sourcecode.c.h; path = SpeakerRepository.h; sourceTree = "<group>"; };
		BAC288BF97D266BB818ADB26 /* AFNetworking.h */ = {isa = PBXFileReference; fileEncoding = 4; lastKnownFileType = sourcecode.c.h; path = AFNetworking.h; sourceTree = "<group>"; };
		BAC288E7296C097B78B15520 /* NSDate+String.h */ = {isa = PBXFileReference; fileEncoding = 4; lastKnownFileType = sourcecode.c.h; path = "NSDate+String.h"; sourceTree = "<group>"; };
		BAC288EDBA1A490A639D6592 /* AppDelegate.h */ = {isa = PBXFileReference; fileEncoding = 4; lastKnownFileType = sourcecode.c.h; path = AppDelegate.h; sourceTree = "<group>"; };
		BAC2893BE3E72F1177E4CC78 /* PghTechFestSessionService.m */ = {isa = PBXFileReference; fileEncoding = 4; lastKnownFileType = sourcecode.c.objc; path = PghTechFestSessionService.m; sourceTree = "<group>"; };
		BAC28952AF32C4F842EEBF8A /* ContainerConfig.m */ = {isa = PBXFileReference; fileEncoding = 4; lastKnownFileType = sourcecode.c.objc; path = ContainerConfig.m; sourceTree = "<group>"; };
		BAC2895401B1FBACFB299B9E /* PghTechFestSessionService.h */ = {isa = PBXFileReference; fileEncoding = 4; lastKnownFileType = sourcecode.c.h; path = PghTechFestSessionService.h; sourceTree = "<group>"; };
		BAC2896CBD06043E5EBC3D03 /* SessionService.m */ = {isa = PBXFileReference; fileEncoding = 4; lastKnownFileType = sourcecode.c.objc; path = SessionService.m; sourceTree = "<group>"; };
		BAC2897EA38AFF6D3A4F7E7E /* PghTechFestApiSpeakers.m */ = {isa = PBXFileReference; fileEncoding = 4; lastKnownFileType = sourcecode.c.objc; path = PghTechFestApiSpeakers.m; sourceTree = "<group>"; };
		BAC2898AAD4B5D41E51E8CAC /* ContentVC.h */ = {isa = PBXFileReference; fileEncoding = 4; lastKnownFileType = sourcecode.c.h; path = ContentVC.h; sourceTree = "<group>"; };
		BAC28A000CFB5C5A87A4F28F /* Session.m */ = {isa = PBXFileReference; fileEncoding = 4; lastKnownFileType = sourcecode.c.objc; path = Session.m; sourceTree = "<group>"; };
		BAC28A9DE517B21441FCC83E /* SpeakerService.h */ = {isa = PBXFileReference; fileEncoding = 4; lastKnownFileType = sourcecode.c.h; path = SpeakerService.h; sourceTree = "<group>"; };
		BAC28AAE15D555DC6099C55A /* PghTechFestMappingConfiguration.m */ = {isa = PBXFileReference; fileEncoding = 4; lastKnownFileType = sourcecode.c.objc; path = PghTechFestMappingConfiguration.m; sourceTree = "<group>"; };
		BAC28AF3B818C4270059DFD6 /* Default@2x.png */ = {isa = PBXFileReference; lastKnownFileType = image.png; path = "Default@2x.png"; sourceTree = "<group>"; };
		BAC28B12630BBC600A561D72 /* iOSConf-Prefix.pch */ = {isa = PBXFileReference; fileEncoding = 4; lastKnownFileType = sourcecode.c.h; path = "iOSConf-Prefix.pch"; sourceTree = "<group>"; };
		BAC28B19009A5B88970C9036 /* PghTechFestSpeakerService.h */ = {isa = PBXFileReference; fileEncoding = 4; lastKnownFileType = sourcecode.c.h; path = PghTechFestSpeakerService.h; sourceTree = "<group>"; };
		BAC28BAD7595F2F5BF9D17FC /* PghTechFestSpeakerToSpeakerMap.m */ = {isa = PBXFileReference; fileEncoding = 4; lastKnownFileType = sourcecode.c.objc; path = PghTechFestSpeakerToSpeakerMap.m; sourceTree = "<group>"; };
		BAC28BADA6C8DE173A87F8EB /* AFPropertyListRequestOperation.m */ = {isa = PBXFileReference; fileEncoding = 4; lastKnownFileType = sourcecode.c.objc; path = AFPropertyListRequestOperation.m; sourceTree = "<group>"; };
		BAC28C24F97FE76CAC4514BB /* AppDelegate.m */ = {isa = PBXFileReference; fileEncoding = 4; lastKnownFileType = sourcecode.c.objc; path = AppDelegate.m; sourceTree = "<group>"; };
		BAC28C4C12F97132AE583199 /* Default.png */ = {isa = PBXFileReference; lastKnownFileType = image.png; path = Default.png; sourceTree = "<group>"; };
		BAC28CAA24867218E0C68DCC /* AFXMLRequestOperation.h */ = {isa = PBXFileReference; fileEncoding = 4; lastKnownFileType = sourcecode.c.h; path = AFXMLRequestOperation.h; sourceTree = "<group>"; };
		BAC28CCE5A6997DD7F439D1C /* SpeakerVC.xib */ = {isa = PBXFileReference; lastKnownFileType = file.xib; path = SpeakerVC.xib; sourceTree = "<group>"; };
		BAC28CDDED639C3635152853 /* BundleContainerConvention.h */ = {isa = PBXFileReference; fileEncoding = 4; lastKnownFileType = sourcecode.c.h; path = BundleContainerConvention.h; sourceTree = "<group>"; };
		BAC28D19DED4DD7DECF5FB8C /* PghTechFestApiSpeaker.m */ = {isa = PBXFileReference; fileEncoding = 4; lastKnownFileType = sourcecode.c.objc; path = PghTechFestApiSpeaker.m; sourceTree = "<group>"; };
		BAC28D2C9622F33D4A62F6BD /* BrowserVC.xib */ = {isa = PBXFileReference; lastKnownFileType = file.xib; path = BrowserVC.xib; sourceTree = "<group>"; };
		BAC28D3318702D6DFD98FC5C /* frwd.png */ = {isa = PBXFileReference; lastKnownFileType = image.png; path = frwd.png; sourceTree = "<group>"; };
		BAC28D42D17E184C75A8DD31 /* ArrayBasedRepository.m */ = {isa = PBXFileReference; fileEncoding = 4; lastKnownFileType = sourcecode.c.objc; path = ArrayBasedRepository.m; sourceTree = "<group>"; };
		BAC28D54AA40EEEC62E69F22 /* Speaker.h */ = {isa = PBXFileReference; fileEncoding = 4; lastKnownFileType = sourcecode.c.h; path = Speaker.h; sourceTree = "<group>"; };
		BAC28D95CCB64251D4F21045 /* AFImageRequestOperation.m */ = {isa = PBXFileReference; fileEncoding = 4; lastKnownFileType = sourcecode.c.objc; path = AFImageRequestOperation.m; sourceTree = "<group>"; };
		BAC28DA48171CF8D6FF21C24 /* PghTechFestSpeakerService.m */ = {isa = PBXFileReference; fileEncoding = 4; lastKnownFileType = sourcecode.c.objc; path = PghTechFestSpeakerService.m; sourceTree = "<group>"; };
		BAC28DB4D6798C023C1A9037 /* ArrayBasedRepository.h */ = {isa = PBXFileReference; fileEncoding = 4; lastKnownFileType = sourcecode.c.h; path = ArrayBasedRepository.h; sourceTree = "<group>"; };
		BAC28DFE8F2C074BFB2D28A0 /* AFHTTPRequestOperation.m */ = {isa = PBXFileReference; fileEncoding = 4; lastKnownFileType = sourcecode.c.objc; path = AFHTTPRequestOperation.m; sourceTree = "<group>"; };
		BAC28E289F806D83AE5A4F4C /* MyScheduledSessionDisplayService.h */ = {isa = PBXFileReference; fileEncoding = 4; lastKnownFileType = sourcecode.c.h; path = MyScheduledSessionDisplayService.h; sourceTree = "<group>"; };
		BAC28E294BB230F0E82E43DC /* BundleContainerConvention.m */ = {isa = PBXFileReference; fileEncoding = 4; lastKnownFileType = sourcecode.c.objc; path = BundleContainerConvention.m; sourceTree = "<group>"; };
		BAC28E5089F6472E6D5B5889 /* Scheduled.m */ = {isa = PBXFileReference; fileEncoding = 4; lastKnownFileType = sourcecode.c.objc; path = Scheduled.m; sourceTree = "<group>"; };
		BAC28E5D4E2A62F66A0D289A /* AFJSONRequestOperation.m */ = {isa = PBXFileReference; fileEncoding = 4; lastKnownFileType = sourcecode.c.objc; path = AFJSONRequestOperation.m; sourceTree = "<group>"; };
		BAC28E7DD8BB010D4A09D0C3 /* PghTechFestSessionToSessionMap.m */ = {isa = PBXFileReference; fileEncoding = 4; lastKnownFileType = sourcecode.c.objc; path = PghTechFestSessionToSessionMap.m; sourceTree = "<group>"; };
		BAC28E89E720D09150F3C448 /* Path.m */ = {isa = PBXFileReference; fileEncoding = 4; lastKnownFileType = sourcecode.c.objc; path = Path.m; sourceTree = "<group>"; };
		BAC28E8B0931BF08B109D63D /* SessionService.h */ = {isa = PBXFileReference; fileEncoding = 4; lastKnownFileType = sourcecode.c.h; path = SessionService.h; sourceTree = "<group>"; };
		BAC28EC9FE5E2D2D8E4AC153 /* SessionDisplayService.h */ = {isa = PBXFileReference; fileEncoding = 4; lastKnownFileType = sourcecode.c.h; path = SessionDisplayService.h; sourceTree = "<group>"; };
		BAC28F3BFF9195CB93B04676 /* Path.h */ = {isa = PBXFileReference; fileEncoding = 4; lastKnownFileType = sourcecode.c.h; path = Path.h; sourceTree = "<group>"; };
		BAC28F63C3E8C55AB74FCD80 /* AFURLConnectionOperation.m */ = {isa = PBXFileReference; fileEncoding = 4; lastKnownFileType = sourcecode.c.objc; path = AFURLConnectionOperation.m; sourceTree = "<group>"; };
		BAC28F8E148E164BA43D59C0 /* main.m */ = {isa = PBXFileReference; fileEncoding = 4; lastKnownFileType = sourcecode.c.objc; path = main.m; sourceTree = "<group>"; };
		BAC28F9703ECA2CBDA6EEAE3 /* PghTechFestApiSession.m */ = {isa = PBXFileReference; fileEncoding = 4; lastKnownFileType = sourcecode.c.objc; path = PghTechFestApiSession.m; sourceTree = "<group>"; };
		BAC28FDD231E8FA2896A3285 /* AFPropertyListRequestOperation.h */ = {isa = PBXFileReference; fileEncoding = 4; lastKnownFileType = sourcecode.c.h; path = AFPropertyListRequestOperation.h; sourceTree = "<group>"; };
		BAC28FE241EA76DE0C4856EB /* UIImageView+AFNetworking.h */ = {isa = PBXFileReference; fileEncoding = 4; lastKnownFileType = sourcecode.c.h; path = "UIImageView+AFNetworking.h"; sourceTree = "<group>"; };
		BAC28FE8051809DC59AF192A /* MyScheduleRepository.h */ = {isa = PBXFileReference; fileEncoding = 4; lastKnownFileType = sourcecode.c.h; path = MyScheduleRepository.h; sourceTree = "<group>"; };
/* End PBXFileReference section */

/* Begin PBXFrameworksBuildPhase section */
		8CCCD08717432EEB005EB2EB /* Frameworks */ = {
			isa = PBXFrameworksBuildPhase;
			buildActionMask = 2147483647;
			files = (
				8CF7C62B1747D1270081658A /* libxml2.dylib in Frameworks */,
				8CA74BD91747CF0A0059BD83 /* MobileCoreServices.framework in Frameworks */,
				8CA74BD71747CF000059BD83 /* SystemConfiguration.framework in Frameworks */,
				8CCCD08E17432EEB005EB2EB /* UIKit.framework in Frameworks */,
				8CCCD09017432EEB005EB2EB /* Foundation.framework in Frameworks */,
				8CCCD09217432EEB005EB2EB /* CoreGraphics.framework in Frameworks */,
				8CA74BDA1747CF1A0059BD83 /* libCereal.a in Frameworks */,
				8CCCD0B61743306E005EB2EB /* libCoreMeta.a in Frameworks */,
			);
			runOnlyForDeploymentPostprocessing = 0;
		};
/* End PBXFrameworksBuildPhase section */

/* Begin PBXGroup section */
		8CA74BCF1747CE800059BD83 /* Products */ = {
			isa = PBXGroup;
			children = (
				8CA74BD31747CE810059BD83 /* libCereal.a */,
			);
			name = Products;
			sourceTree = "<group>";
		};
		8CCCD08117432EEB005EB2EB = {
			isa = PBXGroup;
			children = (
				8CCCD09317432EEB005EB2EB /* iOSConf */,
				8CCCD08C17432EEB005EB2EB /* Frameworks */,
				8CCCD08B17432EEB005EB2EB /* Products */,
			);
			sourceTree = "<group>";
		};
		8CCCD08B17432EEB005EB2EB /* Products */ = {
			isa = PBXGroup;
			children = (
				8CCCD08A17432EEB005EB2EB /* PghtTechFest.app */,
			);
			name = Products;
			sourceTree = "<group>";
		};
		8CCCD08C17432EEB005EB2EB /* Frameworks */ = {
			isa = PBXGroup;
			children = (
				8CA74BCE1747CE800059BD83 /* Cereal.xcodeproj */,
				8CCCD0AA17432FA3005EB2EB /* CoreMeta.xcodeproj */,
				BAC2834D00BD6E59DAE41FE7 /* AFNetworking */,
				8CF7C62A1747D1270081658A /* libxml2.dylib */,
				8CA74BD81747CF0A0059BD83 /* MobileCoreServices.framework */,
				8CA74BD61747CF000059BD83 /* SystemConfiguration.framework */,
				8CCCD08D17432EEB005EB2EB /* UIKit.framework */,
				8CCCD08F17432EEB005EB2EB /* Foundation.framework */,
				8CCCD09117432EEB005EB2EB /* CoreGraphics.framework */,
			);
			name = Frameworks;
			sourceTree = "<group>";
		};
		8CCCD09317432EEB005EB2EB /* iOSConf */ = {
			isa = PBXGroup;
			children = (
				BAC28471DDEBD14692B6AA26 /* Controllers */,
				BAC2835D4FEAD523F3C2E297 /* Models */,
				BAC28528FC67ABFCFA5A9CFC /* Views */,
				BAC28921CC1A495D6EE85E00 /* Services */,
				BAC28F2B4EB7FD6B6A10C248 /* Repositories */,
				BAC287A846C2843E85800A90 /* Resources */,
				BAC28383BAC2F79A42F0BEA6 /* Categories */,
			);
			path = iOSConf;
			sourceTree = "<group>";
		};
		8CCCD0AB17432FA3005EB2EB /* Products */ = {
			isa = PBXGroup;
			children = (
				8CCCD0B017432FA3005EB2EB /* libCoreMeta.a */,
				8CCCD0B217432FA3005EB2EB /* CoreMetaTests.octest */,
			);
			name = Products;
			sourceTree = "<group>";
		};
		8CD13B2F1747E1F3003043C6 /* Images */ = {
			isa = PBXGroup;
			children = (
				8CD13B3C1747E213003043C6 /* icon@2x.png */,
				8CD13B3A1747E210003043C6 /* icon.png */,
				8CD13B301747E1F3003043C6 /* background.png */,
				8CD13B341747E1F3003043C6 /* pgh-tech-fest-logo-cc.png */,
				BAC286C15A9961D18176E4D4 /* cellbackground.png */,
				BAC28083A624DB836B93C564 /* frwd@2x.png */,
				BAC28491AFF694EC9D5F6C39 /* back.png */,
				BAC28D3318702D6DFD98FC5C /* frwd.png */,
				BAC2839D3A087E18873F1C2A /* back@2x.png */,
			);
			path = Images;
			sourceTree = "<group>";
		};
		BAC2834D00BD6E59DAE41FE7 /* AFNetworking */ = {
			isa = PBXGroup;
			children = (
				BAC286F07AFA92F97BCA91B3 /* AFHTTPClient.h */,
				BAC28314705CC66433BBA128 /* AFHTTPClient.m */,
				BAC288BF97D266BB818ADB26 /* AFNetworking.h */,
				BAC28CAA24867218E0C68DCC /* AFXMLRequestOperation.h */,
				BAC286D248590683A2C5D346 /* AFXMLRequestOperation.m */,
				BAC2879E2F6D9D704651F9A7 /* AFHTTPRequestOperation.h */,
				BAC28DFE8F2C074BFB2D28A0 /* AFHTTPRequestOperation.m */,
				BAC282CCEB3AE7932D7F4AE1 /* AFJSONRequestOperation.h */,
				BAC28E5D4E2A62F66A0D289A /* AFJSONRequestOperation.m */,
				BAC281D798562FC7FDC7C0C6 /* AFImageRequestOperation.h */,
				BAC28D95CCB64251D4F21045 /* AFImageRequestOperation.m */,
				BAC2831C1EF96EFA1C840BE1 /* AFURLConnectionOperation.h */,
				BAC28F63C3E8C55AB74FCD80 /* AFURLConnectionOperation.m */,
				BAC28FE241EA76DE0C4856EB /* UIImageView+AFNetworking.h */,
				BAC28147C894A5B5DCFB3C27 /* UIImageView+AFNetworking.m */,
				BAC28FDD231E8FA2896A3285 /* AFPropertyListRequestOperation.h */,
				BAC28BADA6C8DE173A87F8EB /* AFPropertyListRequestOperation.m */,
				BAC2870EFC93223316B8C21E /* AFNetworkActivityIndicatorManager.h */,
				BAC287BA0C48EF971189D30C /* AFNetworkActivityIndicatorManager.m */,
			);
			path = AFNetworking;
			sourceTree = "<group>";
		};
		BAC2835D4FEAD523F3C2E297 /* Models */ = {
			isa = PBXGroup;
			children = (
				BAC28393B42D6615328D708C /* Speaker.m */,
				BAC28D54AA40EEEC62E69F22 /* Speaker.h */,
				BAC28A000CFB5C5A87A4F28F /* Session.m */,
				BAC282BCBA38E1B5E60AE1F7 /* Session.h */,
				BAC28D8743E4A4F1B3657B25 /* API */,
				BAC28E5089F6472E6D5B5889 /* Scheduled.m */,
				BAC280265E1C036284B91408 /* Scheduled.h */,
			);
			path = Models;
			sourceTree = "<group>";
		};
		BAC28383BAC2F79A42F0BEA6 /* Categories */ = {
			isa = PBXGroup;
			children = (
				BAC285808D4CC9371ABDA05C /* NSDate+String.m */,
				BAC288E7296C097B78B15520 /* NSDate+String.h */,
			);
			path = Categories;
			sourceTree = "<group>";
		};
		BAC28471DDEBD14692B6AA26 /* Controllers */ = {
			isa = PBXGroup;
			children = (
				BAC285C6C6D6D9C4F48CA05A /* SessionsVC.m */,
				BAC2842733C597BA4DDDE8E5 /* SessionsVC.h */,
				BAC288EDBA1A490A639D6592 /* AppDelegate.h */,
				BAC28C24F97FE76CAC4514BB /* AppDelegate.m */,
				BAC287BD28BB1686316E1A46 /* SplashVC.h */,
				BAC286F24711C066D075F909 /* SplashVC.m */,
				BAC282AF19BE9BB73F518109 /* ContentVC.m */,
				BAC2898AAD4B5D41E51E8CAC /* ContentVC.h */,
				8CC6449517487CE6005BFB5E /* SessionVC.h */,
				8CC6449617487CE6005BFB5E /* SessionVC.m */,
				8CC644A317488341005BFB5E /* ScheduleVC.h */,
				8CC644A417488341005BFB5E /* ScheduleVC.m */,
				8CC644A917488351005BFB5E /* SpeakersVC.h */,
				8CC644AA17488351005BFB5E /* SpeakersVC.m */,
				8CEDB57E174898540076FC52 /* SpeakerVC.h */,
				8CEDB57F174898540076FC52 /* SpeakerVC.m */,
				8CEDB58817489D100076FC52 /* BrowserVC.h */,
				8CEDB58917489D100076FC52 /* BrowserVC.m */,
			);
			path = Controllers;
			sourceTree = "<group>";
		};
		BAC284BF932C6E7279B9BAB6 /* Mappings */ = {
			isa = PBXGroup;
			children = (
				BAC280AD296E8F25E2C45F87 /* PghTechFestSessionToSessionMap.h */,
				BAC28E7DD8BB010D4A09D0C3 /* PghTechFestSessionToSessionMap.m */,
				BAC28AAE15D555DC6099C55A /* PghTechFestMappingConfiguration.m */,
				BAC286E8C965939092838C29 /* PghTechFestMappingConfiguration.h */,
				BAC28BAD7595F2F5BF9D17FC /* PghTechFestSpeakerToSpeakerMap.m */,
				BAC2842FE913A900062899FC /* PghTechFestSpeakerToSpeakerMap.h */,
			);
			path = Mappings;
			sourceTree = "<group>";
		};
		BAC28528FC67ABFCFA5A9CFC /* Views */ = {
			isa = PBXGroup;
			children = (
				8CCCD0BF17433336005EB2EB /* SessionsVC.xib */,
				8CCCD0CE17433B5A005EB2EB /* SplashVC.xib */,
				BAC284DD08C5D2EE46F6A51C /* SessionVC.xib */,
				BAC28532F30DF2B654CC60BD /* SpeakersVC.xib */,
				BAC284DD29935146141AA88A /* ScheduleVC.xib */,
				BAC28CCE5A6997DD7F439D1C /* SpeakerVC.xib */,
				BAC28D2C9622F33D4A62F6BD /* BrowserVC.xib */,
			);
			path = Views;
			sourceTree = "<group>";
		};
		BAC2867485D71F7947933994 /* IO */ = {
			isa = PBXGroup;
			children = (
				BAC28F3BFF9195CB93B04676 /* Path.h */,
				BAC28E89E720D09150F3C448 /* Path.m */,
			);
			path = IO;
			sourceTree = "<group>";
		};
		BAC2875EC586CABFFF3BCA24 /* Supporting Files */ = {
			isa = PBXGroup;
			children = (
				BAC2828FA0DC4C116C3288F1 /* iOSConf-Info.plist */,
				BAC28649A027D3CF59A6B92F /* InfoPlist.strings */,
				BAC28F8E148E164BA43D59C0 /* main.m */,
				BAC28B12630BBC600A561D72 /* iOSConf-Prefix.pch */,
				BAC28C4C12F97132AE583199 /* Default.png */,
				BAC28AF3B818C4270059DFD6 /* Default@2x.png */,
				BAC284BB947EBB16DF665275 /* Default-568h@2x.png */,
			);
			name = "Supporting Files";
			path = iOSConf;
			sourceTree = SOURCE_ROOT;
		};
		BAC287A846C2843E85800A90 /* Resources */ = {
			isa = PBXGroup;
			children = (
				8CD13B2F1747E1F3003043C6 /* Images */,
				BAC2875EC586CABFFF3BCA24 /* Supporting Files */,
			);
			path = Resources;
			sourceTree = "<group>";
		};
		BAC2882C631AA7B1BEEBCEA2 /* PghTechFest */ = {
			isa = PBXGroup;
			children = (
				BAC28DA48171CF8D6FF21C24 /* PghTechFestSpeakerService.m */,
				BAC28B19009A5B88970C9036 /* PghTechFestSpeakerService.h */,
				BAC2893BE3E72F1177E4CC78 /* PghTechFestSessionService.m */,
				BAC2895401B1FBACFB299B9E /* PghTechFestSessionService.h */,
			);
			path = PghTechFest;
			sourceTree = "<group>";
		};
		BAC28921CC1A495D6EE85E00 /* Services */ = {
			isa = PBXGroup;
			children = (
				BAC2867485D71F7947933994 /* IO */,
				BAC28C87E9712B483C700500 /* Init */,
				BAC28DAFBB73C8EE4B034F2D /* Implementations */,
				BAC286D3377143EE1E8DA9D6 /* SpeakerService.m */,
				BAC28A9DE517B21441FCC83E /* SpeakerService.h */,
				BAC2896CBD06043E5EBC3D03 /* SessionService.m */,
				BAC28E8B0931BF08B109D63D /* SessionService.h */,
				BAC282047ABF2D837B209609 /* SessionDisplayService.m */,
				BAC28EC9FE5E2D2D8E4AC153 /* SessionDisplayService.h */,
				BAC280D18D7C13601E0587DA /* MyScheduledSessionDisplayService.m */,
				BAC28E289F806D83AE5A4F4C /* MyScheduledSessionDisplayService.h */,
			);
			path = Services;
			sourceTree = "<group>";
		};
		BAC289FF388B657C525CC08E /* PghTechFest */ = {
			isa = PBXGroup;
			children = (
				BAC281631A014E550835027D /* PghTechFestApiSessions.m */,
				BAC2842F3114BAEECE68D1BB /* PghTechFestApiSessions.h */,
				BAC28F9703ECA2CBDA6EEAE3 /* PghTechFestApiSession.m */,
				BAC28245982A7FD34F1682FB /* PghTechFestApiSession.h */,
				BAC284BF932C6E7279B9BAB6 /* Mappings */,
				BAC2897EA38AFF6D3A4F7E7E /* PghTechFestApiSpeakers.m */,
				BAC2815008B2EC1FAE210B1D /* PghTechFestApiSpeakers.h */,
				BAC28D19DED4DD7DECF5FB8C /* PghTechFestApiSpeaker.m */,
				BAC2856B5D1C5E56B36770F7 /* PghTechFestApiSpeaker.h */,
			);
			path = PghTechFest;
			sourceTree = "<group>";
		};
		BAC28C87E9712B483C700500 /* Init */ = {
			isa = PBXGroup;
			children = (
				BAC288210E7A27A08E510CAB /* ContainerConfig.h */,
				BAC28952AF32C4F842EEBF8A /* ContainerConfig.m */,
				BAC285DF0F4FDD3F5E88AF17 /* AppLoad.m */,
				BAC2834E0CC60B4CE89C6C1C /* AppLoad.h */,
				BAC28E294BB230F0E82E43DC /* BundleContainerConvention.m */,
				BAC28CDDED639C3635152853 /* BundleContainerConvention.h */,
				BAC2849911A02D39B48A86D9 /* MappingConfiguration.m */,
				BAC28748D056A6C6216BF879 /* MappingConfiguration.h */,
			);
			path = Init;
			sourceTree = "<group>";
		};
		BAC28D8743E4A4F1B3657B25 /* API */ = {
			isa = PBXGroup;
			children = (
				BAC289FF388B657C525CC08E /* PghTechFest */,
			);
			path = API;
			sourceTree = "<group>";
		};
		BAC28DAFBB73C8EE4B034F2D /* Implementations */ = {
			isa = PBXGroup;
			children = (
				BAC2882C631AA7B1BEEBCEA2 /* PghTechFest */,
			);
			path = Implementations;
			sourceTree = "<group>";
		};
		BAC28F2B4EB7FD6B6A10C248 /* Repositories */ = {
			isa = PBXGroup;
			children = (
				BAC28D42D17E184C75A8DD31 /* ArrayBasedRepository.m */,
				BAC28DB4D6798C023C1A9037 /* ArrayBasedRepository.h */,
				BAC288456AB4414DB7B8DEF4 /* SpeakerRepository.m */,
				BAC288BD95D26C00B513FA63 /* SpeakerRepository.h */,
				BAC286B2BAC033F109BDD523 /* SessionRepository.m */,
				BAC285EC54318AFD0A4C76AB /* SessionRepository.h */,
				BAC2826CFED5347CDE58CFCC /* MyScheduleRepository.m */,
				BAC28FE8051809DC59AF192A /* MyScheduleRepository.h */,
			);
			path = Repositories;
			sourceTree = "<group>";
		};
/* End PBXGroup section */

/* Begin PBXNativeTarget section */
		8CCCD08917432EEB005EB2EB /* PghtTechFest */ = {
			isa = PBXNativeTarget;
			buildConfigurationList = 8CCCD0A717432EEB005EB2EB /* Build configuration list for PBXNativeTarget "PghtTechFest" */;
			buildPhases = (
				8CCCD08617432EEB005EB2EB /* Sources */,
				8CCCD08717432EEB005EB2EB /* Frameworks */,
				8CCCD08817432EEB005EB2EB /* Resources */,
			);
			buildRules = (
			);
			dependencies = (
				8CA74BDC1747CF3E0059BD83 /* PBXTargetDependency */,
				8C6B4CBB1747C4100023ADCF /* PBXTargetDependency */,
			);
			name = PghtTechFest;
			productName = iOSConf;
			productReference = 8CCCD08A17432EEB005EB2EB /* PghtTechFest.app */;
			productType = "com.apple.product-type.application";
		};
/* End PBXNativeTarget section */

/* Begin PBXProject section */
		8CCCD08217432EEB005EB2EB /* Project object */ = {
			isa = PBXProject;
			attributes = {
				LastUpgradeCheck = 0460;
				ORGANIZATIONNAME = TrueFit;
			};
			buildConfigurationList = 8CCCD08517432EEB005EB2EB /* Build configuration list for PBXProject "iOSConf" */;
			compatibilityVersion = "Xcode 3.2";
			developmentRegion = English;
			hasScannedForEncodings = 0;
			knownRegions = (
				en,
			);
			mainGroup = 8CCCD08117432EEB005EB2EB;
			productRefGroup = 8CCCD08B17432EEB005EB2EB /* Products */;
			projectDirPath = "";
			projectReferences = (
				{
					ProductGroup = 8CA74BCF1747CE800059BD83 /* Products */;
					ProjectRef = 8CA74BCE1747CE800059BD83 /* Cereal.xcodeproj */;
				},
				{
					ProductGroup = 8CCCD0AB17432FA3005EB2EB /* Products */;
					ProjectRef = 8CCCD0AA17432FA3005EB2EB /* CoreMeta.xcodeproj */;
				},
			);
			projectRoot = "";
			targets = (
				8CCCD08917432EEB005EB2EB /* PghtTechFest */,
			);
		};
/* End PBXProject section */

/* Begin PBXReferenceProxy section */
		8CA74BD31747CE810059BD83 /* libCereal.a */ = {
			isa = PBXReferenceProxy;
			fileType = archive.ar;
			path = libCereal.a;
			remoteRef = 8CA74BD21747CE810059BD83 /* PBXContainerItemProxy */;
			sourceTree = BUILT_PRODUCTS_DIR;
		};
		8CCCD0B017432FA3005EB2EB /* libCoreMeta.a */ = {
			isa = PBXReferenceProxy;
			fileType = archive.ar;
			path = libCoreMeta.a;
			remoteRef = 8CCCD0AF17432FA3005EB2EB /* PBXContainerItemProxy */;
			sourceTree = BUILT_PRODUCTS_DIR;
		};
		8CCCD0B217432FA3005EB2EB /* CoreMetaTests.octest */ = {
			isa = PBXReferenceProxy;
			fileType = wrapper.cfbundle;
			path = CoreMetaTests.octest;
			remoteRef = 8CCCD0B117432FA3005EB2EB /* PBXContainerItemProxy */;
			sourceTree = BUILT_PRODUCTS_DIR;
		};
/* End PBXReferenceProxy section */

/* Begin PBXResourcesBuildPhase section */
		8CCCD08817432EEB005EB2EB /* Resources */ = {
			isa = PBXResourcesBuildPhase;
			buildActionMask = 2147483647;
			files = (
				BAC28BDEB70CA430856A4ED3 /* InfoPlist.strings in Resources */,
				BAC280C43A6D8954DF408530 /* Default.png in Resources */,
				BAC288FE3E960E767A45FC98 /* Default@2x.png in Resources */,
				BAC28BCFB38A76EF62FB5229 /* Default-568h@2x.png in Resources */,
				8CCCD0C017433336005EB2EB /* SessionsVC.xib in Resources */,
				8CCCD0CF17433B5A005EB2EB /* SplashVC.xib in Resources */,
				8CD13B351747E1F3003043C6 /* background.png in Resources */,
				8CD13B391747E1F3003043C6 /* pgh-tech-fest-logo-cc.png in Resources */,
				8CD13B3B1747E210003043C6 /* icon.png in Resources */,
				8CD13B3D1747E213003043C6 /* icon@2x.png in Resources */,
				BAC288D8ECA6976BD13A2F55 /* cellbackground.png in Resources */,
				BAC2822CF0039D9E2EA36C70 /* SessionVC.xib in Resources */,
				BAC28A625E08FCBDDF20655D /* SpeakersVC.xib in Resources */,
				BAC28CB4EFB19C54D2CC92BD /* ScheduleVC.xib in Resources */,
				BAC285BCE279207B55446859 /* SpeakerVC.xib in Resources */,
				BAC28CCB34C70D716256B21B /* BrowserVC.xib in Resources */,
				BAC286CAB07948B888FEC7D4 /* frwd@2x.png in Resources */,
				BAC286B0166359ACBA6E051D /* back.png in Resources */,
				BAC2888974F90103D96DD41D /* frwd.png in Resources */,
				BAC28863593622C225D83C15 /* back@2x.png in Resources */,
			);
			runOnlyForDeploymentPostprocessing = 0;
		};
/* End PBXResourcesBuildPhase section */

/* Begin PBXSourcesBuildPhase section */
		8CCCD08617432EEB005EB2EB /* Sources */ = {
			isa = PBXSourcesBuildPhase;
			buildActionMask = 2147483647;
			files = (
				BAC2821C52D0756645634D9B /* main.m in Sources */,
				BAC28A64D14D712D34BD722B /* SessionsVC.m in Sources */,
				BAC28F41C41ECA295442919F /* AppDelegate.m in Sources */,
				BAC28A23D0BD80648ECFB9E9 /* Path.m in Sources */,
				BAC289A14FCCB1A2605067E6 /* ArrayBasedRepository.m in Sources */,
				BAC284DFBF598681CCE77727 /* ContainerConfig.m in Sources */,
				BAC2815EDCB148AF3D1E812D /* AppLoad.m in Sources */,
				BAC289403A18AC9DC6386887 /* SplashVC.m in Sources */,
				BAC28F8C607A8F69CA7AB331 /* AFHTTPClient.m in Sources */,
				BAC28181B1B96728C2D33D07 /* AFXMLRequestOperation.m in Sources */,
				BAC281EF8DE2458EB6293606 /* AFHTTPRequestOperation.m in Sources */,
				BAC283F9C9DD326DC0AAC077 /* AFJSONRequestOperation.m in Sources */,
				BAC28A685B366040615967FA /* AFImageRequestOperation.m in Sources */,
				BAC28966A542704870AF3FAF /* AFURLConnectionOperation.m in Sources */,
				BAC28C2C29CC0900DF722A10 /* UIImageView+AFNetworking.m in Sources */,
				BAC281197B7FB4B6E56FB290 /* AFPropertyListRequestOperation.m in Sources */,
				BAC28712480C7CE4ED3DCD4E /* AFNetworkActivityIndicatorManager.m in Sources */,
				BAC28E220E038D26479DFBFE /* SpeakerService.m in Sources */,
				BAC280B70DA226D0D5604F73 /* SessionService.m in Sources */,
				BAC284796C6391ACAADE47A2 /* SpeakerRepository.m in Sources */,
				BAC281C0722237A0A2B6CC0C /* SessionRepository.m in Sources */,
				BAC280346C986785122F9DE5 /* Speaker.m in Sources */,
				BAC28F38E14FA6CE7E4828FD /* Session.m in Sources */,
				BAC28BC4C11107FC46E5F34C /* PghTechFestSpeakerService.m in Sources */,
				BAC28C4FCDF76EA6EFFAF995 /* PghTechFestSessionService.m in Sources */,
				BAC2837890C9278788A0E1D6 /* BundleContainerConvention.m in Sources */,
				BAC2879A1F1377BD2D0F3D98 /* ContentVC.m in Sources */,
				BAC28A9CF2C0BABDA01FC304 /* PghTechFestApiSessions.m in Sources */,
				BAC2871A3FFDC21BC224C036 /* PghTechFestApiSession.m in Sources */,
				BAC28BC6A811AC28A105E114 /* PghTechFestSessionToSessionMap.m in Sources */,
				BAC287242BF6361AAAD081C7 /* PghTechFestMappingConfiguration.m in Sources */,
				BAC28443C9151DA41A4F5550 /* MappingConfiguration.m in Sources */,
				BAC28B955B85883645B3AC74 /* SessionDisplayService.m in Sources */,
				8CC6449817487CE6005BFB5E /* SessionVC.m in Sources */,
				BAC288E98247BA172029609A /* NSDate+String.m in Sources */,
				8CC644A617488341005BFB5E /* ScheduleVC.m in Sources */,
				8CC644AC17488351005BFB5E /* SpeakersVC.m in Sources */,
				BAC28B6B58F8F5F96F41AA8A /* PghTechFestApiSpeakers.m in Sources */,
				BAC289B1E6E88EF1EFDD02B5 /* PghTechFestApiSpeaker.m in Sources */,
				BAC285588148BC02CDFAD9B6 /* PghTechFestSpeakerToSpeakerMap.m in Sources */,
				BAC28F37299059DDA48353BA /* MyScheduleRepository.m in Sources */,
				BAC28CFDEC1582A2E6E397E2 /* Scheduled.m in Sources */,
				BAC28136DBDCDBE150696734 /* MyScheduledSessionDisplayService.m in Sources */,
				8CEDB581174898540076FC52 /* SpeakerVC.m in Sources */,
				8CEDB58B17489D100076FC52 /* BrowserVC.m in Sources */,
			);
			runOnlyForDeploymentPostprocessing = 0;
		};
/* End PBXSourcesBuildPhase section */

/* Begin PBXTargetDependency section */
		8C6B4CBB1747C4100023ADCF /* PBXTargetDependency */ = {
			isa = PBXTargetDependency;
			name = CoreMeta;
			targetProxy = 8C6B4CBA1747C4100023ADCF /* PBXContainerItemProxy */;
		};
		8CA74BDC1747CF3E0059BD83 /* PBXTargetDependency */ = {
			isa = PBXTargetDependency;
			name = Cereal;
			targetProxy = 8CA74BDB1747CF3E0059BD83 /* PBXContainerItemProxy */;
		};
/* End PBXTargetDependency section */

/* Begin PBXVariantGroup section */
		BAC28649A027D3CF59A6B92F /* InfoPlist.strings */ = {
			isa = PBXVariantGroup;
			children = (
				BAC2871DBF6308CB78C1595C /* en */,
			);
			name = InfoPlist.strings;
			sourceTree = "<group>";
		};
/* End PBXVariantGroup section */

/* Begin XCBuildConfiguration section */
		8CCCD0A517432EEB005EB2EB /* Debug */ = {
			isa = XCBuildConfiguration;
			buildSettings = {
				ALWAYS_SEARCH_USER_PATHS = YES;
				CLANG_CXX_LANGUAGE_STANDARD = "gnu++0x";
				CLANG_CXX_LIBRARY = "libc++";
				CLANG_ENABLE_OBJC_ARC = YES;
				CLANG_WARN_CONSTANT_CONVERSION = YES;
				CLANG_WARN_EMPTY_BODY = YES;
				CLANG_WARN_ENUM_CONVERSION = YES;
				CLANG_WARN_INT_CONVERSION = YES;
				CLANG_WARN__DUPLICATE_METHOD_MATCH = YES;
				"CODE_SIGN_IDENTITY[sdk=iphoneos*]" = "iPhone Developer";
				COPY_PHASE_STRIP = NO;
				GCC_C_LANGUAGE_STANDARD = gnu99;
				GCC_DYNAMIC_NO_PIC = NO;
				GCC_OPTIMIZATION_LEVEL = 0;
				GCC_PREPROCESSOR_DEFINITIONS = (
					"DEBUG=1",
					"$(inherited)",
				);
				GCC_SYMBOLS_PRIVATE_EXTERN = NO;
				GCC_WARN_ABOUT_RETURN_TYPE = YES;
				GCC_WARN_UNINITIALIZED_AUTOS = YES;
				GCC_WARN_UNUSED_VARIABLE = YES;
				IPHONEOS_DEPLOYMENT_TARGET = 6.1;
				ONLY_ACTIVE_ARCH = YES;
				SDKROOT = iphoneos;
			};
			name = Debug;
		};
		8CCCD0A617432EEB005EB2EB /* Release */ = {
			isa = XCBuildConfiguration;
			buildSettings = {
				ALWAYS_SEARCH_USER_PATHS = YES;
				CLANG_CXX_LANGUAGE_STANDARD = "gnu++0x";
				CLANG_CXX_LIBRARY = "libc++";
				CLANG_ENABLE_OBJC_ARC = YES;
				CLANG_WARN_CONSTANT_CONVERSION = YES;
				CLANG_WARN_EMPTY_BODY = YES;
				CLANG_WARN_ENUM_CONVERSION = YES;
				CLANG_WARN_INT_CONVERSION = YES;
				CLANG_WARN__DUPLICATE_METHOD_MATCH = YES;
				"CODE_SIGN_IDENTITY[sdk=iphoneos*]" = "iPhone Developer";
				COPY_PHASE_STRIP = YES;
				GCC_C_LANGUAGE_STANDARD = gnu99;
				GCC_WARN_ABOUT_RETURN_TYPE = YES;
				GCC_WARN_UNINITIALIZED_AUTOS = YES;
				GCC_WARN_UNUSED_VARIABLE = YES;
				IPHONEOS_DEPLOYMENT_TARGET = 6.1;
				OTHER_CFLAGS = "-DNS_BLOCK_ASSERTIONS=1";
				SDKROOT = iphoneos;
				VALIDATE_PRODUCT = YES;
			};
			name = Release;
		};
		8CCCD0A817432EEB005EB2EB /* Debug */ = {
			isa = XCBuildConfiguration;
			buildSettings = {
				GCC_PRECOMPILE_PREFIX_HEADER = YES;
				GCC_PREFIX_HEADER = "iOSConf/iOSConf-Prefix.pch";
				HEADER_SEARCH_PATHS = "\"$(SRCROOT)/../**";
				INFOPLIST_FILE = "iOSConf/iOSConf-Info.plist";
				OTHER_LDFLAGS = (
					"-ObjC",
					"-lxml2",
				);
				PRODUCT_NAME = "$(TARGET_NAME)";
				USER_HEADER_SEARCH_PATHS = "\"${PROJECT_DIR}/Cereal\"/**";
				WRAPPER_EXTENSION = app;
			};
			name = Debug;
		};
		8CCCD0A917432EEB005EB2EB /* Release */ = {
			isa = XCBuildConfiguration;
			buildSettings = {
				GCC_PRECOMPILE_PREFIX_HEADER = YES;
				GCC_PREFIX_HEADER = "iOSConf/iOSConf-Prefix.pch";
				HEADER_SEARCH_PATHS = "\"$(SRCROOT)/../**";
				INFOPLIST_FILE = "iOSConf/iOSConf-Info.plist";
				OTHER_LDFLAGS = (
					"-ObjC",
					"-lxml2",
				);
				PRODUCT_NAME = "$(TARGET_NAME)";
				USER_HEADER_SEARCH_PATHS = "\"${PROJECT_DIR}/Cereal\"/**";
				WRAPPER_EXTENSION = app;
			};
			name = Release;
		};
/* End XCBuildConfiguration section */

/* Begin XCConfigurationList section */
		8CCCD08517432EEB005EB2EB /* Build configuration list for PBXProject "iOSConf" */ = {
			isa = XCConfigurationList;
			buildConfigurations = (
				8CCCD0A517432EEB005EB2EB /* Debug */,
				8CCCD0A617432EEB005EB2EB /* Release */,
			);
			defaultConfigurationIsVisible = 0;
			defaultConfigurationName = Release;
		};
		8CCCD0A717432EEB005EB2EB /* Build configuration list for PBXNativeTarget "PghtTechFest" */ = {
			isa = XCConfigurationList;
			buildConfigurations = (
				8CCCD0A817432EEB005EB2EB /* Debug */,
				8CCCD0A917432EEB005EB2EB /* Release */,
			);
			defaultConfigurationIsVisible = 0;
			defaultConfigurationName = Release;
		};
/* End XCConfigurationList section */
	};
	rootObject = 8CCCD08217432EEB005EB2EB /* Project object */;
}
